{
  "originHash" : "bacf265e71b3a6d46e4c207ec73b151928075ab7fa5c5168c791c1795de2d6b3",
  "pins" : [
    {
      "identity" : "grdb.swift",
      "kind" : "remoteSourceControl",
      "location" : "https://github.com/groue/GRDB.swift.git",
      "state" : {
        "branch" : "master",
        "revision" : "18497b68fdbb3a09528d260a0a0e1e7e61c8c53d"
      }
    },
    {
      "identity" : "swift-argument-parser",
      "kind" : "remoteSourceControl",
      "location" : "https://github.com/apple/swift-argument-parser.git",
      "state" : {
        "revision" : "cdd0ef3755280949551dc26dee5de9ddeda89f54",
        "version" : "1.6.2"
      }
    },
    {
      "identity" : "swifttmdb",
      "kind" : "remoteSourceControl",
      "location" : "https://github.com/jmarkIT/SwiftTMDB",
      "state" : {
        "branch" : "main",
        "revision" : "b5c88b270093d441715fe47ad87fed269116695f"
      }
    }
  ],
  "version" : 3
}
